
Microsoft Visual Studio Solution File, Format Version 12.00
# Visual Studio Version 16
VisualStudioVersion = 16.0.31410.357
MinimumVisualStudioVersion = 10.0.40219.1
Project("{FAE04EC0-301F-11D3-BF4B-00C04F79EFBC}") = "Arrays", "Arrays\Arrays.csproj", "{8C228876-5E38-45EA-8110-84C2EA8263F1}"
EndProject
Global
	GlobalSection(SolutionConfigurationPlatforms) = preSolution
		Debug|Any CPU = Debug|Any CPU
		Release|Any CPU = Release|Any CPU
	EndGlobalSection
	GlobalSection(ProjectConfigurationPlatforms) = postSolution
		{8C228876-5E38-45EA-8110-84C2EA8263F1}.Debug|Any CPU.ActiveCfg = Debug|Any CPU
		{8C228876-5E38-45EA-8110-84C2EA8263F1}.Debug|Any CPU.Build.0 = Debug|Any CPU
		{8C228876-5E38-45EA-8110-84C2EA8263F1}.Release|Any CPU.ActiveCfg = Release|Any CPU
		{8C228876-5E38-45EA-8110-84C2EA8263F1}.Release|Any CPU.Build.0 = Release|Any CPU
	EndGlobalSection
	GlobalSection(SolutionProperties) = preSolution
		HideSolutionNode = FALSE
	EndGlobalSection
	GlobalSection(ExtensibilityGlobals) = postSolution
		SolutionGuid = {7926EDFD-0AA4-4692-BA0A-8AB5B252514B}
	EndGlobalSection
EndGlobal
