
Microsoft Visual Studio Solution File, Format Version 12.00
# Visual Studio Version 16
VisualStudioVersion = 16.0.31410.357
MinimumVisualStudioVersion = 10.0.40219.1
Project("{FAE04EC0-301F-11D3-BF4B-00C04F79EFBC}") = "Moedas", "Moedas\Moedas.csproj", "{FD432763-5A7B-445A-8C01-E80D5210FFCD}"
EndProject
Global
	GlobalSection(SolutionConfigurationPlatforms) = preSolution
		Debug|Any CPU = Debug|Any CPU
		Release|Any CPU = Release|Any CPU
	EndGlobalSection
	GlobalSection(ProjectConfigurationPlatforms) = postSolution
		{FD432763-5A7B-445A-8C01-E80D5210FFCD}.Debug|Any CPU.ActiveCfg = Debug|Any CPU
		{FD432763-5A7B-445A-8C01-E80D5210FFCD}.Debug|Any CPU.Build.0 = Debug|Any CPU
		{FD432763-5A7B-445A-8C01-E80D5210FFCD}.Release|Any CPU.ActiveCfg = Release|Any CPU
		{FD432763-5A7B-445A-8C01-E80D5210FFCD}.Release|Any CPU.Build.0 = Release|Any CPU
	EndGlobalSection
	GlobalSection(SolutionProperties) = preSolution
		HideSolutionNode = FALSE
	EndGlobalSection
	GlobalSection(ExtensibilityGlobals) = postSolution
		SolutionGuid = {2B8001C4-D01D-44C9-A622-79370064A157}
	EndGlobalSection
EndGlobal
