
Microsoft Visual Studio Solution File, Format Version 12.00
# Visual Studio Version 16
VisualStudioVersion = 16.0.30114.105
MinimumVisualStudioVersion = 10.0.40219.1
Project("{2150E333-8FDC-42A3-9474-1A3956D46DE8}") = "Store.Domain", "Store.Domain", "{B2808A88-524E-483A-BB93-415F8AEB6C2D}"
EndProject
Project("{9A19103F-16F7-4668-BE54-9A1E7A4F7556}") = "Store.Domain", "Store.Domain\Store.Domain\Store.Domain.csproj", "{BFF880A2-0029-4423-A31F-37B0C1FB9F3E}"
EndProject
Project("{2150E333-8FDC-42A3-9474-1A3956D46DE8}") = "Store.Tests", "Store.Tests", "{F764CAA7-1C51-4F5C-8EC2-89110F9585DA}"
EndProject
Project("{9A19103F-16F7-4668-BE54-9A1E7A4F7556}") = "Store.Tests", "Store.Tests\Store.Tests\Store.Tests.csproj", "{8B6F91E8-ACC0-41E1-9AAC-14B54FFDDFCE}"
EndProject
Global
	GlobalSection(SolutionConfigurationPlatforms) = preSolution
		Debug|Any CPU = Debug|Any CPU
		Release|Any CPU = Release|Any CPU
	EndGlobalSection
	GlobalSection(ProjectConfigurationPlatforms) = postSolution
		{BFF880A2-0029-4423-A31F-37B0C1FB9F3E}.Debug|Any CPU.ActiveCfg = Debug|Any CPU
		{BFF880A2-0029-4423-A31F-37B0C1FB9F3E}.Debug|Any CPU.Build.0 = Debug|Any CPU
		{BFF880A2-0029-4423-A31F-37B0C1FB9F3E}.Release|Any CPU.ActiveCfg = Release|Any CPU
		{BFF880A2-0029-4423-A31F-37B0C1FB9F3E}.Release|Any CPU.Build.0 = Release|Any CPU
		{8B6F91E8-ACC0-41E1-9AAC-14B54FFDDFCE}.Debug|Any CPU.ActiveCfg = Debug|Any CPU
		{8B6F91E8-ACC0-41E1-9AAC-14B54FFDDFCE}.Debug|Any CPU.Build.0 = Debug|Any CPU
		{8B6F91E8-ACC0-41E1-9AAC-14B54FFDDFCE}.Release|Any CPU.ActiveCfg = Release|Any CPU
		{8B6F91E8-ACC0-41E1-9AAC-14B54FFDDFCE}.Release|Any CPU.Build.0 = Release|Any CPU
	EndGlobalSection
	GlobalSection(SolutionProperties) = preSolution
		HideSolutionNode = FALSE
	EndGlobalSection
	GlobalSection(NestedProjects) = preSolution
		{BFF880A2-0029-4423-A31F-37B0C1FB9F3E} = {B2808A88-524E-483A-BB93-415F8AEB6C2D}
		{8B6F91E8-ACC0-41E1-9AAC-14B54FFDDFCE} = {F764CAA7-1C51-4F5C-8EC2-89110F9585DA}
	EndGlobalSection
	GlobalSection(ExtensibilityGlobals) = postSolution
		SolutionGuid = {A961BE5D-3D57-426F-A0B6-D7E0C887B5A0}
	EndGlobalSection
EndGlobal
