
Microsoft Visual Studio Solution File, Format Version 12.00
# Visual Studio Version 17
VisualStudioVersion = 17.0.31912.275
MinimumVisualStudioVersion = 10.0.40219.1
Project("{9A19103F-16F7-4668-BE54-9A1E7A4F7556}") = "MinhaApi", "MinhaApi.csproj", "{A348A9CF-A6FE-4174-A176-F0FF09F31F58}"
EndProject
Global
	GlobalSection(SolutionConfigurationPlatforms) = preSolution
		Debug|Any CPU = Debug|Any CPU
		Release|Any CPU = Release|Any CPU
	EndGlobalSection
	GlobalSection(ProjectConfigurationPlatforms) = postSolution
		{A348A9CF-A6FE-4174-A176-F0FF09F31F58}.Debug|Any CPU.ActiveCfg = Debug|Any CPU
		{A348A9CF-A6FE-4174-A176-F0FF09F31F58}.Debug|Any CPU.Build.0 = Debug|Any CPU
		{A348A9CF-A6FE-4174-A176-F0FF09F31F58}.Release|Any CPU.ActiveCfg = Release|Any CPU
		{A348A9CF-A6FE-4174-A176-F0FF09F31F58}.Release|Any CPU.Build.0 = Release|Any CPU
	EndGlobalSection
	GlobalSection(SolutionProperties) = preSolution
		HideSolutionNode = FALSE
	EndGlobalSection
	GlobalSection(ExtensibilityGlobals) = postSolution
		SolutionGuid = {9F701D73-DA32-43A6-A177-A364E0E6395E}
	EndGlobalSection
EndGlobal
