
Microsoft Visual Studio Solution File, Format Version 12.00
# Visual Studio Version 16
VisualStudioVersion = 16.0.31410.357
MinimumVisualStudioVersion = 10.0.40219.1
Project("{FAE04EC0-301F-11D3-BF4B-00C04F79EFBC}") = "Datas", "Datas\Datas.csproj", "{1C39E6AF-EA3E-4FDE-A89E-E9B87D5D1244}"
EndProject
Global
	GlobalSection(SolutionConfigurationPlatforms) = preSolution
		Debug|Any CPU = Debug|Any CPU
		Release|Any CPU = Release|Any CPU
	EndGlobalSection
	GlobalSection(ProjectConfigurationPlatforms) = postSolution
		{1C39E6AF-EA3E-4FDE-A89E-E9B87D5D1244}.Debug|Any CPU.ActiveCfg = Debug|Any CPU
		{1C39E6AF-EA3E-4FDE-A89E-E9B87D5D1244}.Debug|Any CPU.Build.0 = Debug|Any CPU
		{1C39E6AF-EA3E-4FDE-A89E-E9B87D5D1244}.Release|Any CPU.ActiveCfg = Release|Any CPU
		{1C39E6AF-EA3E-4FDE-A89E-E9B87D5D1244}.Release|Any CPU.Build.0 = Release|Any CPU
	EndGlobalSection
	GlobalSection(SolutionProperties) = preSolution
		HideSolutionNode = FALSE
	EndGlobalSection
	GlobalSection(ExtensibilityGlobals) = postSolution
		SolutionGuid = {AB8F9A22-8F0C-45CA-932E-D6E349AE2C60}
	EndGlobalSection
EndGlobal
