
Microsoft Visual Studio Solution File, Format Version 12.00
# Visual Studio Version 16
VisualStudioVersion = 16.0.30114.105
MinimumVisualStudioVersion = 10.0.40219.1
Project("{9A19103F-16F7-4668-BE54-9A1E7A4F7556}") = "Store.Domain", "Store.Domain\Store.Domain.csproj", "{C5F03E10-3FC8-4CB0-B2AD-D6C461E5590B}"
EndProject
Project("{9A19103F-16F7-4668-BE54-9A1E7A4F7556}") = "Store.Infrastructure", "Store.Infrastructure\Store.Infrastructure.csproj", "{ED973076-D545-4559-AE35-F435D660AD7A}"
EndProject
Project("{9A19103F-16F7-4668-BE54-9A1E7A4F7556}") = "Store.Shared", "Store.Shared\Store.Shared.csproj", "{2A6B3B56-995B-42EC-9AAC-36140311B383}"
EndProject
Project("{9A19103F-16F7-4668-BE54-9A1E7A4F7556}") = "Store.Tests", "Store.Tests\Store.Tests.csproj", "{E8430437-A730-449B-AE54-BFAEDEEBBC1E}"
EndProject
Project("{FAE04EC0-301F-11D3-BF4B-00C04F79EFBC}") = "Store.Api", "Store.Api\Store.Api.csproj", "{3CE2DA78-DEE0-4816-AC67-620F985E8C50}"
EndProject
Global
	GlobalSection(SolutionConfigurationPlatforms) = preSolution
		Debug|Any CPU = Debug|Any CPU
		Release|Any CPU = Release|Any CPU
	EndGlobalSection
	GlobalSection(ProjectConfigurationPlatforms) = postSolution
		{C5F03E10-3FC8-4CB0-B2AD-D6C461E5590B}.Debug|Any CPU.ActiveCfg = Debug|Any CPU
		{C5F03E10-3FC8-4CB0-B2AD-D6C461E5590B}.Debug|Any CPU.Build.0 = Debug|Any CPU
		{C5F03E10-3FC8-4CB0-B2AD-D6C461E5590B}.Release|Any CPU.ActiveCfg = Release|Any CPU
		{C5F03E10-3FC8-4CB0-B2AD-D6C461E5590B}.Release|Any CPU.Build.0 = Release|Any CPU
		{ED973076-D545-4559-AE35-F435D660AD7A}.Debug|Any CPU.ActiveCfg = Debug|Any CPU
		{ED973076-D545-4559-AE35-F435D660AD7A}.Debug|Any CPU.Build.0 = Debug|Any CPU
		{ED973076-D545-4559-AE35-F435D660AD7A}.Release|Any CPU.ActiveCfg = Release|Any CPU
		{ED973076-D545-4559-AE35-F435D660AD7A}.Release|Any CPU.Build.0 = Release|Any CPU
		{2A6B3B56-995B-42EC-9AAC-36140311B383}.Debug|Any CPU.ActiveCfg = Debug|Any CPU
		{2A6B3B56-995B-42EC-9AAC-36140311B383}.Debug|Any CPU.Build.0 = Debug|Any CPU
		{2A6B3B56-995B-42EC-9AAC-36140311B383}.Release|Any CPU.ActiveCfg = Release|Any CPU
		{2A6B3B56-995B-42EC-9AAC-36140311B383}.Release|Any CPU.Build.0 = Release|Any CPU
		{E8430437-A730-449B-AE54-BFAEDEEBBC1E}.Debug|Any CPU.ActiveCfg = Debug|Any CPU
		{E8430437-A730-449B-AE54-BFAEDEEBBC1E}.Debug|Any CPU.Build.0 = Debug|Any CPU
		{E8430437-A730-449B-AE54-BFAEDEEBBC1E}.Release|Any CPU.ActiveCfg = Release|Any CPU
		{E8430437-A730-449B-AE54-BFAEDEEBBC1E}.Release|Any CPU.Build.0 = Release|Any CPU
		{3CE2DA78-DEE0-4816-AC67-620F985E8C50}.Debug|Any CPU.ActiveCfg = Debug|Any CPU
		{3CE2DA78-DEE0-4816-AC67-620F985E8C50}.Debug|Any CPU.Build.0 = Debug|Any CPU
		{3CE2DA78-DEE0-4816-AC67-620F985E8C50}.Release|Any CPU.ActiveCfg = Release|Any CPU
		{3CE2DA78-DEE0-4816-AC67-620F985E8C50}.Release|Any CPU.Build.0 = Release|Any CPU
	EndGlobalSection
	GlobalSection(SolutionProperties) = preSolution
		HideSolutionNode = FALSE
	EndGlobalSection
	GlobalSection(ExtensibilityGlobals) = postSolution
		SolutionGuid = {72C7B1E5-75E4-4690-8515-F7E4CAA353A3}
	EndGlobalSection
EndGlobal
