
Microsoft Visual Studio Solution File, Format Version 12.00
# Visual Studio Version 16
VisualStudioVersion = 16.0.31410.357
MinimumVisualStudioVersion = 10.0.40219.1
Project("{FAE04EC0-301F-11D3-BF4B-00C04F79EFBC}") = "Payments", "Payments\Payments.csproj", "{DB596B91-C9AA-436B-8CA5-FBA2046475F8}"
EndProject
Global
	GlobalSection(SolutionConfigurationPlatforms) = preSolution
		Debug|Any CPU = Debug|Any CPU
		Release|Any CPU = Release|Any CPU
	EndGlobalSection
	GlobalSection(ProjectConfigurationPlatforms) = postSolution
		{DB596B91-C9AA-436B-8CA5-FBA2046475F8}.Debug|Any CPU.ActiveCfg = Debug|Any CPU
		{DB596B91-C9AA-436B-8CA5-FBA2046475F8}.Debug|Any CPU.Build.0 = Debug|Any CPU
		{DB596B91-C9AA-436B-8CA5-FBA2046475F8}.Release|Any CPU.ActiveCfg = Release|Any CPU
		{DB596B91-C9AA-436B-8CA5-FBA2046475F8}.Release|Any CPU.Build.0 = Release|Any CPU
	EndGlobalSection
	GlobalSection(SolutionProperties) = preSolution
		HideSolutionNode = FALSE
	EndGlobalSection
	GlobalSection(ExtensibilityGlobals) = postSolution
		SolutionGuid = {F7AAE11A-4A18-4C59-9364-62A6147BA748}
	EndGlobalSection
EndGlobal
